// !$*UTF8*$!
{
	archiveVersion = 1;
	classes = {
	};
	objectVersion = 46;
	objects = {

/* Begin PBXBuildFile section */
		6D2CC88C1F30EA480074A307 /* GoogleService-Info.plist in Resources */ = {isa = PBXBuildFile; fileRef = 6D2CC88B1F30EA480074A307 /* GoogleService-Info.plist */; };
		6D2CC8961F314AA70074A307 /* User.swift in Sources */ = {isa = PBXBuildFile; fileRef = 6D2CC8951F314AA70074A307 /* User.swift */; };
		6D2CC8981F3151410074A307 /* IndividualStockViewController.swift in Sources */ = {isa = PBXBuildFile; fileRef = 6D2CC8971F3151410074A307 /* IndividualStockViewController.swift */; };
		6D2CC89A1F31518E0074A307 /* NewsViewController.swift in Sources */ = {isa = PBXBuildFile; fileRef = 6D2CC8991F31518D0074A307 /* NewsViewController.swift */; };
		6D2CC89C1F3152BB0074A307 /* NewsViewCell.swift in Sources */ = {isa = PBXBuildFile; fileRef = 6D2CC89B1F3152BB0074A307 /* NewsViewCell.swift */; };
		6D35C6BC1F34190F002F956B /* Sample Scene.png in Resources */ = {isa = PBXBuildFile; fileRef = 6D35C6BB1F34190F002F956B /* Sample Scene.png */; };
		6D7778B31F2AC69C0050BED2 /* AppDelegate.swift in Sources */ = {isa = PBXBuildFile; fileRef = 6D7778B21F2AC69C0050BED2 /* AppDelegate.swift */; };
		6D7778B81F2AC69C0050BED2 /* Main.storyboard in Resources */ = {isa = PBXBuildFile; fileRef = 6D7778B61F2AC69C0050BED2 /* Main.storyboard */; };
		6D7778BA1F2AC69C0050BED2 /* Assets.xcassets in Resources */ = {isa = PBXBuildFile; fileRef = 6D7778B91F2AC69C0050BED2 /* Assets.xcassets */; };
		6D7778BD1F2AC69C0050BED2 /* LaunchScreen.storyboard in Resources */ = {isa = PBXBuildFile; fileRef = 6D7778BB1F2AC69C0050BED2 /* LaunchScreen.storyboard */; };
		6D7778C81F2AC69D0050BED2 /* pareTests.swift in Sources */ = {isa = PBXBuildFile; fileRef = 6D7778C71F2AC69D0050BED2 /* pareTests.swift */; };
		6D7778D31F2AC69D0050BED2 /* pareUITests.swift in Sources */ = {isa = PBXBuildFile; fileRef = 6D7778D21F2AC69D0050BED2 /* pareUITests.swift */; };
		6D7778E11F2ACF040050BED2 /* StockViewController.swift in Sources */ = {isa = PBXBuildFile; fileRef = 6D7778E01F2ACF040050BED2 /* StockViewController.swift */; };
		6D7778E71F2BAE7A0050BED2 /* Stock.swift in Sources */ = {isa = PBXBuildFile; fileRef = 6D7778E61F2BAE7A0050BED2 /* Stock.swift */; };
		6D7778E91F2BAF870050BED2 /* StockViewCell.swift in Sources */ = {isa = PBXBuildFile; fileRef = 6D7778E81F2BAF870050BED2 /* StockViewCell.swift */; };
		6D7778EB1F2BB6240050BED2 /* NetworkRequest.swift in Sources */ = {isa = PBXBuildFile; fileRef = 6D7778EA1F2BB6240050BED2 /* NetworkRequest.swift */; };
		6D7778ED1F2BB6940050BED2 /* Constants.swift in Sources */ = {isa = PBXBuildFile; fileRef = 6D7778EC1F2BB6940050BED2 /* Constants.swift */; };
		6D7778EF1F2BD8110050BED2 /* DiscoverViewController.swift in Sources */ = {isa = PBXBuildFile; fileRef = 6D7778EE1F2BD8110050BED2 /* DiscoverViewController.swift */; };
		6D7778F11F2BD87C0050BED2 /* NewsItem.swift in Sources */ = {isa = PBXBuildFile; fileRef = 6D7778F01F2BD87C0050BED2 /* NewsItem.swift */; };
		6D7778F51F2C19720050BED2 /* symbol + sector.json in Resources */ = {isa = PBXBuildFile; fileRef = 6D7778F41F2C19720050BED2 /* symbol + sector.json */; };
		6D98E6E61F35288000359079 /* FollowService.swift in Sources */ = {isa = PBXBuildFile; fileRef = 6D98E6E51F35288000359079 /* FollowService.swift */; };
		6DF84C121F33992000F16C74 /* notPoop.png in Resources */ = {isa = PBXBuildFile; fileRef = 6DF84C111F33992000F16C74 /* notPoop.png */; };
		896EBB2435A9D945ECD71A2F /* Pods_pare.framework in Frameworks */ = {isa = PBXBuildFile; fileRef = 3C27B166884897499F0F3FC2 /* Pods_pare.framework */; };
/* End PBXBuildFile section */

/* Begin PBXContainerItemProxy section */
		6D7778C41F2AC69D0050BED2 /* PBXContainerItemProxy */ = {
			isa = PBXContainerItemProxy;
			containerPortal = 6D7778A71F2AC69C0050BED2 /* Project object */;
			proxyType = 1;
			remoteGlobalIDString = 6D7778AE1F2AC69C0050BED2;
			remoteInfo = pare;
		};
		6D7778CF1F2AC69D0050BED2 /* PBXContainerItemProxy */ = {
			isa = PBXContainerItemProxy;
			containerPortal = 6D7778A71F2AC69C0050BED2 /* Project object */;
			proxyType = 1;
			remoteGlobalIDString = 6D7778AE1F2AC69C0050BED2;
			remoteInfo = pare;
		};
/* End PBXContainerItemProxy section */

/* Begin PBXFileReference section */
		3C27B166884897499F0F3FC2 /* Pods_pare.framework */ = {isa = PBXFileReference; explicitFileType = wrapper.framework; includeInIndex = 0; path = Pods_pare.framework; sourceTree = BUILT_PRODUCTS_DIR; };
		6D2CC88B1F30EA480074A307 /* GoogleService-Info.plist */ = {isa = PBXFileReference; fileEncoding = 4; lastKnownFileType = text.plist.xml; path = "GoogleService-Info.plist"; sourceTree = "<group>"; };
		6D2CC8951F314AA70074A307 /* User.swift */ = {isa = PBXFileReference; fileEncoding = 4; lastKnownFileType = sourcecode.swift; path = User.swift; sourceTree = "<group>"; };
		6D2CC8971F3151410074A307 /* IndividualStockViewController.swift */ = {isa = PBXFileReference; fileEncoding = 4; lastKnownFileType = sourcecode.swift; path = IndividualStockViewController.swift; sourceTree = "<group>"; };
		6D2CC8991F31518D0074A307 /* NewsViewController.swift */ = {isa = PBXFileReference; fileEncoding = 4; lastKnownFileType = sourcecode.swift; path = NewsViewController.swift; sourceTree = "<group>"; };
		6D2CC89B1F3152BB0074A307 /* NewsViewCell.swift */ = {isa = PBXFileReference; fileEncoding = 4; lastKnownFileType = sourcecode.swift; path = NewsViewCell.swift; sourceTree = "<group>"; };
		6D35C6BB1F34190F002F956B /* Sample Scene.png */ = {isa = PBXFileReference; lastKnownFileType = image.png; path = "Sample Scene.png"; sourceTree = "<group>"; };
		6D7778AF1F2AC69C0050BED2 /* pare.app */ = {isa = PBXFileReference; explicitFileType = wrapper.application; includeInIndex = 0; path = pare.app; sourceTree = BUILT_PRODUCTS_DIR; };
		6D7778B21F2AC69C0050BED2 /* AppDelegate.swift */ = {isa = PBXFileReference; lastKnownFileType = sourcecode.swift; path = AppDelegate.swift; sourceTree = "<group>"; };
		6D7778B71F2AC69C0050BED2 /* Base */ = {isa = PBXFileReference; lastKnownFileType = file.storyboard; name = Base; path = Base.lproj/Main.storyboard; sourceTree = "<group>"; };
		6D7778B91F2AC69C0050BED2 /* Assets.xcassets */ = {isa = PBXFileReference; lastKnownFileType = folder.assetcatalog; path = Assets.xcassets; sourceTree = "<group>"; };
		6D7778BC1F2AC69C0050BED2 /* Base */ = {isa = PBXFileReference; lastKnownFileType = file.storyboard; name = Base; path = Base.lproj/LaunchScreen.storyboard; sourceTree = "<group>"; };
		6D7778BE1F2AC69C0050BED2 /* Info.plist */ = {isa = PBXFileReference; lastKnownFileType = text.plist.xml; path = Info.plist; sourceTree = "<group>"; };
		6D7778C31F2AC69D0050BED2 /* pareTests.xctest */ = {isa = PBXFileReference; explicitFileType = wrapper.cfbundle; includeInIndex = 0; path = pareTests.xctest; sourceTree = BUILT_PRODUCTS_DIR; };
		6D7778C71F2AC69D0050BED2 /* pareTests.swift */ = {isa = PBXFileReference; lastKnownFileType = sourcecode.swift; path = pareTests.swift; sourceTree = "<group>"; };
		6D7778C91F2AC69D0050BED2 /* Info.plist */ = {isa = PBXFileReference; lastKnownFileType = text.plist.xml; path = Info.plist; sourceTree = "<group>"; };
		6D7778CE1F2AC69D0050BED2 /* pareUITests.xctest */ = {isa = PBXFileReference; explicitFileType = wrapper.cfbundle; includeInIndex = 0; path = pareUITests.xctest; sourceTree = BUILT_PRODUCTS_DIR; };
		6D7778D21F2AC69D0050BED2 /* pareUITests.swift */ = {isa = PBXFileReference; lastKnownFileType = sourcecode.swift; path = pareUITests.swift; sourceTree = "<group>"; };
		6D7778D41F2AC69D0050BED2 /* Info.plist */ = {isa = PBXFileReference; lastKnownFileType = text.plist.xml; path = Info.plist; sourceTree = "<group>"; };
		6D7778E01F2ACF040050BED2 /* StockViewController.swift */ = {isa = PBXFileReference; fileEncoding = 4; lastKnownFileType = sourcecode.swift; name = StockViewController.swift; path = ../StockViewController.swift; sourceTree = "<group>"; };
		6D7778E61F2BAE7A0050BED2 /* Stock.swift */ = {isa = PBXFileReference; fileEncoding = 4; lastKnownFileType = sourcecode.swift; path = Stock.swift; sourceTree = "<group>"; };
		6D7778E81F2BAF870050BED2 /* StockViewCell.swift */ = {isa = PBXFileReference; fileEncoding = 4; lastKnownFileType = sourcecode.swift; path = StockViewCell.swift; sourceTree = "<group>"; };
		6D7778EA1F2BB6240050BED2 /* NetworkRequest.swift */ = {isa = PBXFileReference; fileEncoding = 4; lastKnownFileType = sourcecode.swift; path = NetworkRequest.swift; sourceTree = "<group>"; };
		6D7778EC1F2BB6940050BED2 /* Constants.swift */ = {isa = PBXFileReference; fileEncoding = 4; lastKnownFileType = sourcecode.swift; path = Constants.swift; sourceTree = "<group>"; };
		6D7778EE1F2BD8110050BED2 /* DiscoverViewController.swift */ = {isa = PBXFileReference; fileEncoding = 4; lastKnownFileType = sourcecode.swift; path = DiscoverViewController.swift; sourceTree = "<group>"; };
		6D7778F01F2BD87C0050BED2 /* NewsItem.swift */ = {isa = PBXFileReference; fileEncoding = 4; lastKnownFileType = sourcecode.swift; path = NewsItem.swift; sourceTree = "<group>"; };
		6D7778F41F2C19720050BED2 /* symbol + sector.json */ = {isa = PBXFileReference; fileEncoding = 4; lastKnownFileType = text.json; path = "symbol + sector.json"; sourceTree = "<group>"; };
		6D98E6E51F35288000359079 /* FollowService.swift */ = {isa = PBXFileReference; fileEncoding = 4; lastKnownFileType = sourcecode.swift; path = FollowService.swift; sourceTree = "<group>"; };
		6DF84C111F33992000F16C74 /* notPoop.png */ = {isa = PBXFileReference; lastKnownFileType = image.png; path = notPoop.png; sourceTree = "<group>"; };
		AB186A1B3E5FB9E58573B3AE /* Pods-pare.debug.xcconfig */ = {isa = PBXFileReference; includeInIndex = 1; lastKnownFileType = text.xcconfig; name = "Pods-pare.debug.xcconfig"; path = "Pods/Target Support Files/Pods-pare/Pods-pare.debug.xcconfig"; sourceTree = "<group>"; };
		B5E2244F37BF1B19AE798982 /* Pods-pare.release.xcconfig */ = {isa = PBXFileReference; includeInIndex = 1; lastKnownFileType = text.xcconfig; name = "Pods-pare.release.xcconfig"; path = "Pods/Target Support Files/Pods-pare/Pods-pare.release.xcconfig"; sourceTree = "<group>"; };
		B681BD7B77EB1781BD4B13E2 /* Pods_pareTests.framework */ = {isa = PBXFileReference; explicitFileType = wrapper.framework; includeInIndex = 0; path = Pods_pareTests.framework; sourceTree = BUILT_PRODUCTS_DIR; };
		D12736E03E287A6957D13D00 /* Pods_pareUITests.framework */ = {isa = PBXFileReference; explicitFileType = wrapper.framework; includeInIndex = 0; path = Pods_pareUITests.framework; sourceTree = BUILT_PRODUCTS_DIR; };
/* End PBXFileReference section */

/* Begin PBXFrameworksBuildPhase section */
		6D7778AC1F2AC69C0050BED2 /* Frameworks */ = {
			isa = PBXFrameworksBuildPhase;
			buildActionMask = 2147483647;
			files = (
				896EBB2435A9D945ECD71A2F /* Pods_pare.framework in Frameworks */,
			);
			runOnlyForDeploymentPostprocessing = 0;
		};
		6D7778C01F2AC69D0050BED2 /* Frameworks */ = {
			isa = PBXFrameworksBuildPhase;
			buildActionMask = 2147483647;
			files = (
			);
			runOnlyForDeploymentPostprocessing = 0;
		};
		6D7778CB1F2AC69D0050BED2 /* Frameworks */ = {
			isa = PBXFrameworksBuildPhase;
			buildActionMask = 2147483647;
			files = (
			);
			runOnlyForDeploymentPostprocessing = 0;
		};
/* End PBXFrameworksBuildPhase section */

/* Begin PBXGroup section */
		5D99122550A0FACF5E2CE5AF /* Pods */ = {
			isa = PBXGroup;
			children = (
				AB186A1B3E5FB9E58573B3AE /* Pods-pare.debug.xcconfig */,
				B5E2244F37BF1B19AE798982 /* Pods-pare.release.xcconfig */,
			);
			name = Pods;
			sourceTree = "<group>";
		};
		6D7778A61F2AC69C0050BED2 = {
			isa = PBXGroup;
			children = (
				6D7778B11F2AC69C0050BED2 /* pare */,
				6D7778C61F2AC69D0050BED2 /* pareTests */,
				6D7778D11F2AC69D0050BED2 /* pareUITests */,
				6D7778B01F2AC69C0050BED2 /* Products */,
				5D99122550A0FACF5E2CE5AF /* Pods */,
				B08C9CE3B8D97906680F88AE /* Frameworks */,
			);
			sourceTree = "<group>";
		};
		6D7778B01F2AC69C0050BED2 /* Products */ = {
			isa = PBXGroup;
			children = (
				6D7778AF1F2AC69C0050BED2 /* pare.app */,
				6D7778C31F2AC69D0050BED2 /* pareTests.xctest */,
				6D7778CE1F2AC69D0050BED2 /* pareUITests.xctest */,
			);
			name = Products;
			sourceTree = "<group>";
		};
		6D7778B11F2AC69C0050BED2 /* pare */ = {
			isa = PBXGroup;
			children = (
				6DF84C111F33992000F16C74 /* notPoop.png */,
				6D7778B21F2AC69C0050BED2 /* AppDelegate.swift */,
				6D2CC8991F31518D0074A307 /* NewsViewController.swift */,
				6D2CC8971F3151410074A307 /* IndividualStockViewController.swift */,
				6D35C6BB1F34190F002F956B /* Sample Scene.png */,
				6D2CC89B1F3152BB0074A307 /* NewsViewCell.swift */,
				6D7778B61F2AC69C0050BED2 /* Main.storyboard */,
				6D7778E81F2BAF870050BED2 /* StockViewCell.swift */,
				6D7778E01F2ACF040050BED2 /* StockViewController.swift */,
				6D7778EE1F2BD8110050BED2 /* DiscoverViewController.swift */,
				6D7778F01F2BD87C0050BED2 /* NewsItem.swift */,
				6D7778EA1F2BB6240050BED2 /* NetworkRequest.swift */,
				6D98E6E51F35288000359079 /* FollowService.swift */,
				6D2CC8951F314AA70074A307 /* User.swift */,
				6D7778EC1F2BB6940050BED2 /* Constants.swift */,
				6D7778E61F2BAE7A0050BED2 /* Stock.swift */,
				6D7778F41F2C19720050BED2 /* symbol + sector.json */,
				6D7778B91F2AC69C0050BED2 /* Assets.xcassets */,
				6D7778BB1F2AC69C0050BED2 /* LaunchScreen.storyboard */,
				6D7778BE1F2AC69C0050BED2 /* Info.plist */,
				6D2CC88B1F30EA480074A307 /* GoogleService-Info.plist */,
			);
			path = pare;
			sourceTree = "<group>";
		};
		6D7778C61F2AC69D0050BED2 /* pareTests */ = {
			isa = PBXGroup;
			children = (
				6D7778C71F2AC69D0050BED2 /* pareTests.swift */,
				6D7778C91F2AC69D0050BED2 /* Info.plist */,
			);
			path = pareTests;
			sourceTree = "<group>";
		};
		6D7778D11F2AC69D0050BED2 /* pareUITests */ = {
			isa = PBXGroup;
			children = (
				6D7778D21F2AC69D0050BED2 /* pareUITests.swift */,
				6D7778D41F2AC69D0050BED2 /* Info.plist */,
			);
			path = pareUITests;
			sourceTree = "<group>";
		};
		B08C9CE3B8D97906680F88AE /* Frameworks */ = {
			isa = PBXGroup;
			children = (
				3C27B166884897499F0F3FC2 /* Pods_pare.framework */,
				B681BD7B77EB1781BD4B13E2 /* Pods_pareTests.framework */,
				D12736E03E287A6957D13D00 /* Pods_pareUITests.framework */,
			);
			name = Frameworks;
			sourceTree = "<group>";
		};
/* End PBXGroup section */

/* Begin PBXNativeTarget section */
		6D7778AE1F2AC69C0050BED2 /* pare */ = {
			isa = PBXNativeTarget;
			buildConfigurationList = 6D7778D71F2AC69D0050BED2 /* Build configuration list for PBXNativeTarget "pare" */;
			buildPhases = (
				214FE47EC215A349ED2BFD82 /* [CP] Check Pods Manifest.lock */,
				6D7778AB1F2AC69C0050BED2 /* Sources */,
				6D7778AC1F2AC69C0050BED2 /* Frameworks */,
				6D7778AD1F2AC69C0050BED2 /* Resources */,
				F801545D77A028618431DDB9 /* [CP] Embed Pods Frameworks */,
				CF6C6917E1C0D5CFF5A07219 /* [CP] Copy Pods Resources */,
			);
			buildRules = (
			);
			dependencies = (
			);
			name = pare;
			productName = pare;
			productReference = 6D7778AF1F2AC69C0050BED2 /* pare.app */;
			productType = "com.apple.product-type.application";
		};
		6D7778C21F2AC69D0050BED2 /* pareTests */ = {
			isa = PBXNativeTarget;
			buildConfigurationList = 6D7778DA1F2AC69D0050BED2 /* Build configuration list for PBXNativeTarget "pareTests" */;
			buildPhases = (
				6D7778BF1F2AC69D0050BED2 /* Sources */,
				6D7778C01F2AC69D0050BED2 /* Frameworks */,
				6D7778C11F2AC69D0050BED2 /* Resources */,
			);
			buildRules = (
			);
			dependencies = (
				6D7778C51F2AC69D0050BED2 /* PBXTargetDependency */,
			);
			name = pareTests;
			productName = pareTests;
			productReference = 6D7778C31F2AC69D0050BED2 /* pareTests.xctest */;
			productType = "com.apple.product-type.bundle.unit-test";
		};
		6D7778CD1F2AC69D0050BED2 /* pareUITests */ = {
			isa = PBXNativeTarget;
			buildConfigurationList = 6D7778DD1F2AC69D0050BED2 /* Build configuration list for PBXNativeTarget "pareUITests" */;
			buildPhases = (
				6D7778CA1F2AC69D0050BED2 /* Sources */,
				6D7778CB1F2AC69D0050BED2 /* Frameworks */,
				6D7778CC1F2AC69D0050BED2 /* Resources */,
			);
			buildRules = (
			);
			dependencies = (
				6D7778D01F2AC69D0050BED2 /* PBXTargetDependency */,
			);
			name = pareUITests;
			productName = pareUITests;
			productReference = 6D7778CE1F2AC69D0050BED2 /* pareUITests.xctest */;
			productType = "com.apple.product-type.bundle.ui-testing";
		};
/* End PBXNativeTarget section */

/* Begin PBXProject section */
		6D7778A71F2AC69C0050BED2 /* Project object */ = {
			isa = PBXProject;
			attributes = {
				LastSwiftUpdateCheck = 0830;
				LastUpgradeCheck = 0830;
				ORGANIZATIONNAME = "Ehi Airewele ";
				TargetAttributes = {
					6D7778AE1F2AC69C0050BED2 = {
						CreatedOnToolsVersion = 8.3.3;
						DevelopmentTeam = Q62QYAKDT6;
						ProvisioningStyle = Automatic;
					};
					6D7778C21F2AC69D0050BED2 = {
						CreatedOnToolsVersion = 8.3.3;
						ProvisioningStyle = Automatic;
						TestTargetID = 6D7778AE1F2AC69C0050BED2;
					};
					6D7778CD1F2AC69D0050BED2 = {
						CreatedOnToolsVersion = 8.3.3;
						ProvisioningStyle = Automatic;
						TestTargetID = 6D7778AE1F2AC69C0050BED2;
					};
				};
			};
			buildConfigurationList = 6D7778AA1F2AC69C0050BED2 /* Build configuration list for PBXProject "pare" */;
			compatibilityVersion = "Xcode 3.2";
			developmentRegion = English;
			hasScannedForEncodings = 0;
			knownRegions = (
				en,
				Base,
			);
			mainGroup = 6D7778A61F2AC69C0050BED2;
			productRefGroup = 6D7778B01F2AC69C0050BED2 /* Products */;
			projectDirPath = "";
			projectRoot = "";
			targets = (
				6D7778AE1F2AC69C0050BED2 /* pare */,
				6D7778C21F2AC69D0050BED2 /* pareTests */,
				6D7778CD1F2AC69D0050BED2 /* pareUITests */,
			);
		};
/* End PBXProject section */

/* Begin PBXResourcesBuildPhase section */
		6D7778AD1F2AC69C0050BED2 /* Resources */ = {
			isa = PBXResourcesBuildPhase;
			buildActionMask = 2147483647;
			files = (
				6D2CC88C1F30EA480074A307 /* GoogleService-Info.plist in Resources */,
				6D7778BD1F2AC69C0050BED2 /* LaunchScreen.storyboard in Resources */,
				6D7778F51F2C19720050BED2 /* symbol + sector.json in Resources */,
				6D35C6BC1F34190F002F956B /* Sample Scene.png in Resources */,
				6D7778BA1F2AC69C0050BED2 /* Assets.xcassets in Resources */,
				6DF84C121F33992000F16C74 /* notPoop.png in Resources */,
				6D7778B81F2AC69C0050BED2 /* Main.storyboard in Resources */,
			);
			runOnlyForDeploymentPostprocessing = 0;
		};
		6D7778C11F2AC69D0050BED2 /* Resources */ = {
			isa = PBXResourcesBuildPhase;
			buildActionMask = 2147483647;
			files = (
			);
			runOnlyForDeploymentPostprocessing = 0;
		};
		6D7778CC1F2AC69D0050BED2 /* Resources */ = {
			isa = PBXResourcesBuildPhase;
			buildActionMask = 2147483647;
			files = (
			);
			runOnlyForDeploymentPostprocessing = 0;
		};
/* End PBXResourcesBuildPhase section */

/* Begin PBXShellScriptBuildPhase section */
		214FE47EC215A349ED2BFD82 /* [CP] Check Pods Manifest.lock */ = {
			isa = PBXShellScriptBuildPhase;
			buildActionMask = 2147483647;
			files = (
			);
			inputPaths = (
				"${PODS_PODFILE_DIR_PATH}/Podfile.lock",
				"${PODS_ROOT}/Manifest.lock",
			);
			name = "[CP] Check Pods Manifest.lock";
			outputPaths = (
				"$(DERIVED_FILE_DIR)/Pods-pare-checkManifestLockResult.txt",
			);
			runOnlyForDeploymentPostprocessing = 0;
			shellPath = /bin/sh;
			shellScript = "diff \"${PODS_PODFILE_DIR_PATH}/Podfile.lock\" \"${PODS_ROOT}/Manifest.lock\" > /dev/null\nif [ $? != 0 ] ; then\n    # print error to STDERR\n    echo \"error: The sandbox is not in sync with the Podfile.lock. Run 'pod install' or update your CocoaPods installation.\" >&2\n    exit 1\nfi\n# This output is used by Xcode 'outputs' to avoid re-running this script phase.\necho \"SUCCESS\" > \"${SCRIPT_OUTPUT_FILE_0}\"\n";
			showEnvVarsInLog = 0;
		};
		CF6C6917E1C0D5CFF5A07219 /* [CP] Copy Pods Resources */ = {
			isa = PBXShellScriptBuildPhase;
			buildActionMask = 2147483647;
			files = (
			);
			inputPaths = (
				"${SRCROOT}/Pods/Target Support Files/Pods-pare/Pods-pare-resources.sh",
				$PODS_CONFIGURATION_BUILD_DIR/FirebaseUI/FirebaseAuthUI.bundle,
			);
			name = "[CP] Copy Pods Resources";
			outputPaths = (
				"${TARGET_BUILD_DIR}/${UNLOCALIZED_RESOURCES_FOLDER_PATH}",
			);
			runOnlyForDeploymentPostprocessing = 0;
			shellPath = /bin/sh;
			shellScript = "\"${SRCROOT}/Pods/Target Support Files/Pods-pare/Pods-pare-resources.sh\"\n";
			showEnvVarsInLog = 0;
		};
		F801545D77A028618431DDB9 /* [CP] Embed Pods Frameworks */ = {
			isa = PBXShellScriptBuildPhase;
			buildActionMask = 2147483647;
			files = (
			);
			inputPaths = (
				"${SRCROOT}/Pods/Target Support Files/Pods-pare/Pods-pare-frameworks.sh",
				"${BUILT_PRODUCTS_DIR}/Alamofire/Alamofire.framework",
				"${BUILT_PRODUCTS_DIR}/AlamofireSwiftyJSON/AlamofireSwiftyJSON.framework",
				"${BUILT_PRODUCTS_DIR}/Charts/Charts.framework",
				"${BUILT_PRODUCTS_DIR}/GTMSessionFetcher/GTMSessionFetcher.framework",
				"${BUILT_PRODUCTS_DIR}/GoogleToolboxForMac/GoogleToolboxForMac.framework",
				"${BUILT_PRODUCTS_DIR}/Kingfisher/Kingfisher.framework",
				"${BUILT_PRODUCTS_DIR}/SwiftyJSON/SwiftyJSON.framework",
				"${BUILT_PRODUCTS_DIR}/nanopb/nanopb.framework",
			);
			name = "[CP] Embed Pods Frameworks";
			outputPaths = (
				"${TARGET_BUILD_DIR}/${FRAMEWORKS_FOLDER_PATH}/Alamofire.framework",
				"${TARGET_BUILD_DIR}/${FRAMEWORKS_FOLDER_PATH}/AlamofireSwiftyJSON.framework",
				"${TARGET_BUILD_DIR}/${FRAMEWORKS_FOLDER_PATH}/Charts.framework",
				"${TARGET_BUILD_DIR}/${FRAMEWORKS_FOLDER_PATH}/GTMSessionFetcher.framework",
				"${TARGET_BUILD_DIR}/${FRAMEWORKS_FOLDER_PATH}/GoogleToolboxForMac.framework",
				"${TARGET_BUILD_DIR}/${FRAMEWORKS_FOLDER_PATH}/Kingfisher.framework",
				"${TARGET_BUILD_DIR}/${FRAMEWORKS_FOLDER_PATH}/SwiftyJSON.framework",
				"${TARGET_BUILD_DIR}/${FRAMEWORKS_FOLDER_PATH}/nanopb.framework",
			);
			runOnlyForDeploymentPostprocessing = 0;
			shellPath = /bin/sh;
			shellScript = "\"${SRCROOT}/Pods/Target Support Files/Pods-pare/Pods-pare-frameworks.sh\"\n";
			showEnvVarsInLog = 0;
		};
/* End PBXShellScriptBuildPhase section */

/* Begin PBXSourcesBuildPhase section */
		6D7778AB1F2AC69C0050BED2 /* Sources */ = {
			isa = PBXSourcesBuildPhase;
			buildActionMask = 2147483647;
			files = (
				6D7778EF1F2BD8110050BED2 /* DiscoverViewController.swift in Sources */,
				6D98E6E61F35288000359079 /* FollowService.swift in Sources */,
				6D7778F11F2BD87C0050BED2 /* NewsItem.swift in Sources */,
				6D7778EB1F2BB6240050BED2 /* NetworkRequest.swift in Sources */,
				6D2CC89C1F3152BB0074A307 /* NewsViewCell.swift in Sources */,
				6D7778B31F2AC69C0050BED2 /* AppDelegate.swift in Sources */,
				6D7778E11F2ACF040050BED2 /* StockViewController.swift in Sources */,
				6D2CC89A1F31518E0074A307 /* NewsViewController.swift in Sources */,
				6D2CC8981F3151410074A307 /* IndividualStockViewController.swift in Sources */,
				6D7778E91F2BAF870050BED2 /* StockViewCell.swift in Sources */,
				6D7778E71F2BAE7A0050BED2 /* Stock.swift in Sources */,
				6D7778ED1F2BB6940050BED2 /* Constants.swift in Sources */,
				6D2CC8961F314AA70074A307 /* User.swift in Sources */,
			);
			runOnlyForDeploymentPostprocessing = 0;
		};
		6D7778BF1F2AC69D0050BED2 /* Sources */ = {
			isa = PBXSourcesBuildPhase;
			buildActionMask = 2147483647;
			files = (
				6D7778C81F2AC69D0050BED2 /* pareTests.swift in Sources */,
			);
			runOnlyForDeploymentPostprocessing = 0;
		};
		6D7778CA1F2AC69D0050BED2 /* Sources */ = {
			isa = PBXSourcesBuildPhase;
			buildActionMask = 2147483647;
			files = (
				6D7778D31F2AC69D0050BED2 /* pareUITests.swift in Sources */,
			);
			runOnlyForDeploymentPostprocessing = 0;
		};
/* End PBXSourcesBuildPhase section */

/* Begin PBXTargetDependency section */
		6D7778C51F2AC69D0050BED2 /* PBXTargetDependency */ = {
			isa = PBXTargetDependency;
			target = 6D7778AE1F2AC69C0050BED2 /* pare */;
			targetProxy = 6D7778C41F2AC69D0050BED2 /* PBXContainerItemProxy */;
		};
		6D7778D01F2AC69D0050BED2 /* PBXTargetDependency */ = {
			isa = PBXTargetDependency;
			target = 6D7778AE1F2AC69C0050BED2 /* pare */;
			targetProxy = 6D7778CF1F2AC69D0050BED2 /* PBXContainerItemProxy */;
		};
/* End PBXTargetDependency section */

/* Begin PBXVariantGroup section */
		6D7778B61F2AC69C0050BED2 /* Main.storyboard */ = {
			isa = PBXVariantGroup;
			children = (
				6D7778B71F2AC69C0050BED2 /* Base */,
			);
			name = Main.storyboard;
			sourceTree = "<group>";
		};
		6D7778BB1F2AC69C0050BED2 /* LaunchScreen.storyboard */ = {
			isa = PBXVariantGroup;
			children = (
				6D7778BC1F2AC69C0050BED2 /* Base */,
			);
			name = LaunchScreen.storyboard;
			sourceTree = "<group>";
		};
/* End PBXVariantGroup section */

/* Begin XCBuildConfiguration section */
		6D7778D51F2AC69D0050BED2 /* Debug */ = {
			isa = XCBuildConfiguration;
			buildSettings = {
				ALWAYS_SEARCH_USER_PATHS = NO;
				CLANG_ANALYZER_NONNULL = YES;
				CLANG_ANALYZER_NUMBER_OBJECT_CONVERSION = YES_AGGRESSIVE;
				CLANG_CXX_LANGUAGE_STANDARD = "gnu++0x";
				CLANG_CXX_LIBRARY = "libc++";
				CLANG_ENABLE_MODULES = YES;
				CLANG_ENABLE_OBJC_ARC = YES;
				CLANG_WARN_BOOL_CONVERSION = YES;
				CLANG_WARN_CONSTANT_CONVERSION = YES;
				CLANG_WARN_DIRECT_OBJC_ISA_USAGE = YES_ERROR;
				CLANG_WARN_DOCUMENTATION_COMMENTS = YES;
				CLANG_WARN_EMPTY_BODY = YES;
				CLANG_WARN_ENUM_CONVERSION = YES;
				CLANG_WARN_INFINITE_RECURSION = YES;
				CLANG_WARN_INT_CONVERSION = YES;
				CLANG_WARN_OBJC_ROOT_CLASS = YES_ERROR;
				CLANG_WARN_SUSPICIOUS_MOVE = YES;
				CLANG_WARN_UNREACHABLE_CODE = YES;
				CLANG_WARN__DUPLICATE_METHOD_MATCH = YES;
				"CODE_SIGN_IDENTITY[sdk=iphoneos*]" = "iPhone Developer";
				COPY_PHASE_STRIP = NO;
				DEBUG_INFORMATION_FORMAT = dwarf;
				ENABLE_STRICT_OBJC_MSGSEND = YES;
				ENABLE_TESTABILITY = YES;
				GCC_C_LANGUAGE_STANDARD = gnu99;
				GCC_DYNAMIC_NO_PIC = NO;
				GCC_NO_COMMON_BLOCKS = YES;
				GCC_OPTIMIZATION_LEVEL = 0;
				GCC_PREPROCESSOR_DEFINITIONS = (
					"DEBUG=1",
					"$(inherited)",
				);
				GCC_WARN_64_TO_32_BIT_CONVERSION = YES;
				GCC_WARN_ABOUT_RETURN_TYPE = YES_ERROR;
				GCC_WARN_UNDECLARED_SELECTOR = YES;
				GCC_WARN_UNINITIALIZED_AUTOS = YES_AGGRESSIVE;
				GCC_WARN_UNUSED_FUNCTION = YES;
				GCC_WARN_UNUSED_VARIABLE = YES;
				IPHONEOS_DEPLOYMENT_TARGET = 10.3;
				MTL_ENABLE_DEBUG_INFO = YES;
				ONLY_ACTIVE_ARCH = YES;
				SDKROOT = iphoneos;
				SWIFT_ACTIVE_COMPILATION_CONDITIONS = DEBUG;
				SWIFT_OPTIMIZATION_LEVEL = "-Onone";
				TARGETED_DEVICE_FAMILY = "1,2";
			};
			name = Debug;
		};
		6D7778D61F2AC69D0050BED2 /* Release */ = {
			isa = XCBuildConfiguration;
			buildSettings = {
				ALWAYS_SEARCH_USER_PATHS = NO;
				CLANG_ANALYZER_NONNULL = YES;
				CLANG_ANALYZER_NUMBER_OBJECT_CONVERSION = YES_AGGRESSIVE;
				CLANG_CXX_LANGUAGE_STANDARD = "gnu++0x";
				CLANG_CXX_LIBRARY = "libc++";
				CLANG_ENABLE_MODULES = YES;
				CLANG_ENABLE_OBJC_ARC = YES;
				CLANG_WARN_BOOL_CONVERSION = YES;
				CLANG_WARN_CONSTANT_CONVERSION = YES;
				CLANG_WARN_DIRECT_OBJC_ISA_USAGE = YES_ERROR;
				CLANG_WARN_DOCUMENTATION_COMMENTS = YES;
				CLANG_WARN_EMPTY_BODY = YES;
				CLANG_WARN_ENUM_CONVERSION = YES;
				CLANG_WARN_INFINITE_RECURSION = YES;
				CLANG_WARN_INT_CONVERSION = YES;
				CLANG_WARN_OBJC_ROOT_CLASS = YES_ERROR;
				CLANG_WARN_SUSPICIOUS_MOVE = YES;
				CLANG_WARN_UNREACHABLE_CODE = YES;
				CLANG_WARN__DUPLICATE_METHOD_MATCH = YES;
				"CODE_SIGN_IDENTITY[sdk=iphoneos*]" = "iPhone Developer";
				COPY_PHASE_STRIP = NO;
				DEBUG_INFORMATION_FORMAT = "dwarf-with-dsym";
				ENABLE_NS_ASSERTIONS = NO;
				ENABLE_STRICT_OBJC_MSGSEND = YES;
				GCC_C_LANGUAGE_STANDARD = gnu99;
				GCC_NO_COMMON_BLOCKS = YES;
				GCC_WARN_64_TO_32_BIT_CONVERSION = YES;
				GCC_WARN_ABOUT_RETURN_TYPE = YES_ERROR;
				GCC_WARN_UNDECLARED_SELECTOR = YES;
				GCC_WARN_UNINITIALIZED_AUTOS = YES_AGGRESSIVE;
				GCC_WARN_UNUSED_FUNCTION = YES;
				GCC_WARN_UNUSED_VARIABLE = YES;
				IPHONEOS_DEPLOYMENT_TARGET = 10.3;
				MTL_ENABLE_DEBUG_INFO = NO;
				SDKROOT = iphoneos;
				SWIFT_OPTIMIZATION_LEVEL = "-Owholemodule";
				TARGETED_DEVICE_FAMILY = "1,2";
				VALIDATE_PRODUCT = YES;
			};
			name = Release;
		};
		6D7778D81F2AC69D0050BED2 /* Debug */ = {
			isa = XCBuildConfiguration;
			baseConfigurationReference = AB186A1B3E5FB9E58573B3AE /* Pods-pare.debug.xcconfig */;
			buildSettings = {
				ASSETCATALOG_COMPILER_APPICON_NAME = AppIcon;
				DEVELOPMENT_TEAM = Q62QYAKDT6;
				INFOPLIST_FILE = pare/Info.plist;
				IPHONEOS_DEPLOYMENT_TARGET = 10.0;
				LD_RUNPATH_SEARCH_PATHS = "$(inherited) @executable_path/Frameworks";
				PRODUCT_BUNDLE_IDENTIFIER = f.pare;
				PRODUCT_NAME = "$(TARGET_NAME)";
				SWIFT_VERSION = 3.0;
			};
			name = Debug;
		};
		6D7778D91F2AC69D0050BED2 /* Release */ = {
			isa = XCBuildConfiguration;
			baseConfigurationReference = B5E2244F37BF1B19AE798982 /* Pods-pare.release.xcconfig */;
			buildSettings = {
				ASSETCATALOG_COMPILER_APPICON_NAME = AppIcon;
				DEVELOPMENT_TEAM = Q62QYAKDT6;
				INFOPLIST_FILE = pare/Info.plist;
				IPHONEOS_DEPLOYMENT_TARGET = 10.0;
				LD_RUNPATH_SEARCH_PATHS = "$(inherited) @executable_path/Frameworks";
				PRODUCT_BUNDLE_IDENTIFIER = f.pare;
				PRODUCT_NAME = "$(TARGET_NAME)";
				SWIFT_VERSION = 3.0;
			};
			name = Release;
		};
		6D7778DB1F2AC69D0050BED2 /* Debug */ = {
			isa = XCBuildConfiguration;
			buildSettings = {
				ALWAYS_EMBED_SWIFT_STANDARD_LIBRARIES = YES;
				BUNDLE_LOADER = "$(TEST_HOST)";
				INFOPLIST_FILE = pareTests/Info.plist;
				LD_RUNPATH_SEARCH_PATHS = "$(inherited) @executable_path/Frameworks @loader_path/Frameworks";
				PRODUCT_BUNDLE_IDENTIFIER = f.pareTests;
				PRODUCT_NAME = "$(TARGET_NAME)";
				SWIFT_VERSION = 3.0;
				TEST_HOST = "$(BUILT_PRODUCTS_DIR)/pare.app/pare";
			};
			name = Debug;
		};
		6D7778DC1F2AC69D0050BED2 /* Release */ = {
			isa = XCBuildConfiguration;
			buildSettings = {
				ALWAYS_EMBED_SWIFT_STANDARD_LIBRARIES = YES;
				BUNDLE_LOADER = "$(TEST_HOST)";
				INFOPLIST_FILE = pareTests/Info.plist;
				LD_RUNPATH_SEARCH_PATHS = "$(inherited) @executable_path/Frameworks @loader_path/Frameworks";
				PRODUCT_BUNDLE_IDENTIFIER = f.pareTests;
				PRODUCT_NAME = "$(TARGET_NAME)";
				SWIFT_VERSION = 3.0;
				TEST_HOST = "$(BUILT_PRODUCTS_DIR)/pare.app/pare";
			};
			name = Release;
		};
		6D7778DE1F2AC69D0050BED2 /* Debug */ = {
			isa = XCBuildConfiguration;
			buildSettings = {
				ALWAYS_EMBED_SWIFT_STANDARD_LIBRARIES = YES;
				INFOPLIST_FILE = pareUITests/Info.plist;
				LD_RUNPATH_SEARCH_PATHS = "$(inherited) @executable_path/Frameworks @loader_path/Frameworks";
				PRODUCT_BUNDLE_IDENTIFIER = f.pareUITests;
				PRODUCT_NAME = "$(TARGET_NAME)";
				SWIFT_VERSION = 3.0;
				TEST_TARGET_NAME = pare;
			};
			name = Debug;
		};
		6D7778DF1F2AC69D0050BED2 /* Release */ = {
			isa = XCBuildConfiguration;
			buildSettings = {
				ALWAYS_EMBED_SWIFT_STANDARD_LIBRARIES = YES;
				INFOPLIST_FILE = pareUITests/Info.plist;
				LD_RUNPATH_SEARCH_PATHS = "$(inherited) @executable_path/Frameworks @loader_path/Frameworks";
				PRODUCT_BUNDLE_IDENTIFIER = f.pareUITests;
				PRODUCT_NAME = "$(TARGET_NAME)";
				SWIFT_VERSION = 3.0;
				TEST_TARGET_NAME = pare;
			};
			name = Release;
		};
/* End XCBuildConfiguration section */

/* Begin XCConfigurationList section */
		6D7778AA1F2AC69C0050BED2 /* Build configuration list for PBXProject "pare" */ = {
			isa = XCConfigurationList;
			buildConfigurations = (
				6D7778D51F2AC69D0050BED2 /* Debug */,
				6D7778D61F2AC69D0050BED2 /* Release */,
			);
			defaultConfigurationIsVisible = 0;
			defaultConfigurationName = Release;
		};
		6D7778D71F2AC69D0050BED2 /* Build configuration list for PBXNativeTarget "pare" */ = {
			isa = XCConfigurationList;
			buildConfigurations = (
				6D7778D81F2AC69D0050BED2 /* Debug */,
				6D7778D91F2AC69D0050BED2 /* Release */,
			);
			defaultConfigurationIsVisible = 0;
			defaultConfigurationName = Release;
		};
		6D7778DA1F2AC69D0050BED2 /* Build configuration list for PBXNativeTarget "pareTests" */ = {
			isa = XCConfigurationList;
			buildConfigurations = (
				6D7778DB1F2AC69D0050BED2 /* Debug */,
				6D7778DC1F2AC69D0050BED2 /* Release */,
			);
			defaultConfigurationIsVisible = 0;
			defaultConfigurationName = Release;
		};
		6D7778DD1F2AC69D0050BED2 /* Build configuration list for PBXNativeTarget "pareUITests" */ = {
			isa = XCConfigurationList;
			buildConfigurations = (
				6D7778DE1F2AC69D0050BED2 /* Debug */,
				6D7778DF1F2AC69D0050BED2 /* Release */,
			);
			defaultConfigurationIsVisible = 0;
			defaultConfigurationName = Release;
		};
/* End XCConfigurationList section */
	};
	rootObject = 6D7778A71F2AC69C0050BED2 /* Project object */;
}
