// !$*UTF8*$!
{
	archiveVersion = 1;
	classes = {
	};
	objectVersion = 46;
	objects = {

/* Begin PBXBuildFile section */
		6D7778B31F2AC69C0050BED2 /* AppDelegate.swift in Sources */ = {isa = PBXBuildFile; fileRef = 6D7778B21F2AC69C0050BED2 /* AppDelegate.swift */; };
		6D7778B51F2AC69C0050BED2 /* ViewController.swift in Sources */ = {isa = PBXBuildFile; fileRef = 6D7778B41F2AC69C0050BED2 /* ViewController.swift */; };
		6D7778B81F2AC69C0050BED2 /* Main.storyboard in Resources */ = {isa = PBXBuildFile; fileRef = 6D7778B61F2AC69C0050BED2 /* Main.storyboard */; };
		6D7778BA1F2AC69C0050BED2 /* Assets.xcassets in Resources */ = {isa = PBXBuildFile; fileRef = 6D7778B91F2AC69C0050BED2 /* Assets.xcassets */; };
		6D7778BD1F2AC69C0050BED2 /* LaunchScreen.storyboard in Resources */ = {isa = PBXBuildFile; fileRef = 6D7778BB1F2AC69C0050BED2 /* LaunchScreen.storyboard */; };
		6D7778C81F2AC69D0050BED2 /* pareTests.swift in Sources */ = {isa = PBXBuildFile; fileRef = 6D7778C71F2AC69D0050BED2 /* pareTests.swift */; };
		6D7778D31F2AC69D0050BED2 /* pareUITests.swift in Sources */ = {isa = PBXBuildFile; fileRef = 6D7778D21F2AC69D0050BED2 /* pareUITests.swift */; };
/* End PBXBuildFile section */

/* Begin PBXContainerItemProxy section */
		6D7778C41F2AC69D0050BED2 /* PBXContainerItemProxy */ = {
			isa = PBXContainerItemProxy;
			containerPortal = 6D7778A71F2AC69C0050BED2 /* Project object */;
			proxyType = 1;
			remoteGlobalIDString = 6D7778AE1F2AC69C0050BED2;
			remoteInfo = pare;
		};
		6D7778CF1F2AC69D0050BED2 /* PBXContainerItemProxy */ = {
			isa = PBXContainerItemProxy;
			containerPortal = 6D7778A71F2AC69C0050BED2 /* Project object */;
			proxyType = 1;
			remoteGlobalIDString = 6D7778AE1F2AC69C0050BED2;
			remoteInfo = pare;
		};
/* End PBXContainerItemProxy section */

/* Begin PBXFileReference section */
		6D7778AF1F2AC69C0050BED2 /* pare.app */ = {isa = PBXFileReference; explicitFileType = wrapper.application; includeInIndex = 0; path = pare.app; sourceTree = BUILT_PRODUCTS_DIR; };
		6D7778B21F2AC69C0050BED2 /* AppDelegate.swift */ = {isa = PBXFileReference; lastKnownFileType = sourcecode.swift; path = AppDelegate.swift; sourceTree = "<group>"; };
		6D7778B41F2AC69C0050BED2 /* ViewController.swift */ = {isa = PBXFileReference; lastKnownFileType = sourcecode.swift; path = ViewController.swift; sourceTree = "<group>"; };
		6D7778B71F2AC69C0050BED2 /* Base */ = {isa = PBXFileReference; lastKnownFileType = file.storyboard; name = Base; path = Base.lproj/Main.storyboard; sourceTree = "<group>"; };
		6D7778B91F2AC69C0050BED2 /* Assets.xcassets */ = {isa = PBXFileReference; lastKnownFileType = folder.assetcatalog; path = Assets.xcassets; sourceTree = "<group>"; };
		6D7778BC1F2AC69C0050BED2 /* Base */ = {isa = PBXFileReference; lastKnownFileType = file.storyboard; name = Base; path = Base.lproj/LaunchScreen.storyboard; sourceTree = "<group>"; };
		6D7778BE1F2AC69C0050BED2 /* Info.plist */ = {isa = PBXFileReference; lastKnownFileType = text.plist.xml; path = Info.plist; sourceTree = "<group>"; };
		6D7778C31F2AC69D0050BED2 /* pareTests.xctest */ = {isa = PBXFileReference; explicitFileType = wrapper.cfbundle; includeInIndex = 0; path = pareTests.xctest; sourceTree = BUILT_PRODUCTS_DIR; };
		6D7778C71F2AC69D0050BED2 /* pareTests.swift */ = {isa = PBXFileReference; lastKnownFileType = sourcecode.swift; path = pareTests.swift; sourceTree = "<group>"; };
		6D7778C91F2AC69D0050BED2 /* Info.plist */ = {isa = PBXFileReference; lastKnownFileType = text.plist.xml; path = Info.plist; sourceTree = "<group>"; };
		6D7778CE1F2AC69D0050BED2 /* pareUITests.xctest */ = {isa = PBXFileReference; explicitFileType = wrapper.cfbundle; includeInIndex = 0; path = pareUITests.xctest; sourceTree = BUILT_PRODUCTS_DIR; };
		6D7778D21F2AC69D0050BED2 /* pareUITests.swift */ = {isa = PBXFileReference; lastKnownFileType = sourcecode.swift; path = pareUITests.swift; sourceTree = "<group>"; };
		6D7778D41F2AC69D0050BED2 /* Info.plist */ = {isa = PBXFileReference; lastKnownFileType = text.plist.xml; path = Info.plist; sourceTree = "<group>"; };
/* End PBXFileReference section */

/* Begin PBXFrameworksBuildPhase section */
		6D7778AC1F2AC69C0050BED2 /* Frameworks */ = {
			isa = PBXFrameworksBuildPhase;
			buildActionMask = 2147483647;
			files = (
			);
			runOnlyForDeploymentPostprocessing = 0;
		};
		6D7778C01F2AC69D0050BED2 /* Frameworks */ = {
			isa = PBXFrameworksBuildPhase;
			buildActionMask = 2147483647;
			files = (
			);
			runOnlyForDeploymentPostprocessing = 0;
		};
		6D7778CB1F2AC69D0050BED2 /* Frameworks */ = {
			isa = PBXFrameworksBuildPhase;
			buildActionMask = 2147483647;
			files = (
			);
			runOnlyForDeploymentPostprocessing = 0;
		};
/* End PBXFrameworksBuildPhase section */

/* Begin PBXGroup section */
		6D7778A61F2AC69C0050BED2 = {
			isa = PBXGroup;
			children = (
				6D7778B11F2AC69C0050BED2 /* pare */,
				6D7778C61F2AC69D0050BED2 /* pareTests */,
				6D7778D11F2AC69D0050BED2 /* pareUITests */,
				6D7778B01F2AC69C0050BED2 /* Products */,
			);
			sourceTree = "<group>";
		};
		6D7778B01F2AC69C0050BED2 /* Products */ = {
			isa = PBXGroup;
			children = (
				6D7778AF1F2AC69C0050BED2 /* pare.app */,
				6D7778C31F2AC69D0050BED2 /* pareTests.xctest */,
				6D7778CE1F2AC69D0050BED2 /* pareUITests.xctest */,
			);
			name = Products;
			sourceTree = "<group>";
		};
		6D7778B11F2AC69C0050BED2 /* pare */ = {
			isa = PBXGroup;
			children = (
				6D7778B21F2AC69C0050BED2 /* AppDelegate.swift */,
				6D7778B41F2AC69C0050BED2 /* ViewController.swift */,
				6D7778B61F2AC69C0050BED2 /* Main.storyboard */,
				6D7778B91F2AC69C0050BED2 /* Assets.xcassets */,
				6D7778BB1F2AC69C0050BED2 /* LaunchScreen.storyboard */,
				6D7778BE1F2AC69C0050BED2 /* Info.plist */,
			);
			path = pare;
			sourceTree = "<group>";
		};
		6D7778C61F2AC69D0050BED2 /* pareTests */ = {
			isa = PBXGroup;
			children = (
				6D7778C71F2AC69D0050BED2 /* pareTests.swift */,
				6D7778C91F2AC69D0050BED2 /* Info.plist */,
			);
			path = pareTests;
			sourceTree = "<group>";
		};
		6D7778D11F2AC69D0050BED2 /* pareUITests */ = {
			isa = PBXGroup;
			children = (
				6D7778D21F2AC69D0050BED2 /* pareUITests.swift */,
				6D7778D41F2AC69D0050BED2 /* Info.plist */,
			);
			path = pareUITests;
			sourceTree = "<group>";
		};
/* End PBXGroup section */

/* Begin PBXNativeTarget section */
		6D7778AE1F2AC69C0050BED2 /* pare */ = {
			isa = PBXNativeTarget;
			buildConfigurationList = 6D7778D71F2AC69D0050BED2 /* Build configuration list for PBXNativeTarget "pare" */;
			buildPhases = (
				6D7778AB1F2AC69C0050BED2 /* Sources */,
				6D7778AC1F2AC69C0050BED2 /* Frameworks */,
				6D7778AD1F2AC69C0050BED2 /* Resources */,
			);
			buildRules = (
			);
			dependencies = (
			);
			name = pare;
			productName = pare;
			productReference = 6D7778AF1F2AC69C0050BED2 /* pare.app */;
			productType = "com.apple.product-type.application";
		};
		6D7778C21F2AC69D0050BED2 /* pareTests */ = {
			isa = PBXNativeTarget;
			buildConfigurationList = 6D7778DA1F2AC69D0050BED2 /* Build configuration list for PBXNativeTarget "pareTests" */;
			buildPhases = (
				6D7778BF1F2AC69D0050BED2 /* Sources */,
				6D7778C01F2AC69D0050BED2 /* Frameworks */,
				6D7778C11F2AC69D0050BED2 /* Resources */,
			);
			buildRules = (
			);
			dependencies = (
				6D7778C51F2AC69D0050BED2 /* PBXTargetDependency */,
			);
			name = pareTests;
			productName = pareTests;
			productReference = 6D7778C31F2AC69D0050BED2 /* pareTests.xctest */;
			productType = "com.apple.product-type.bundle.unit-test";
		};
		6D7778CD1F2AC69D0050BED2 /* pareUITests */ = {
			isa = PBXNativeTarget;
			buildConfigurationList = 6D7778DD1F2AC69D0050BED2 /* Build configuration list for PBXNativeTarget "pareUITests" */;
			buildPhases = (
				6D7778CA1F2AC69D0050BED2 /* Sources */,
				6D7778CB1F2AC69D0050BED2 /* Frameworks */,
				6D7778CC1F2AC69D0050BED2 /* Resources */,
			);
			buildRules = (
			);
			dependencies = (
				6D7778D01F2AC69D0050BED2 /* PBXTargetDependency */,
			);
			name = pareUITests;
			productName = pareUITests;
			productReference = 6D7778CE1F2AC69D0050BED2 /* pareUITests.xctest */;
			productType = "com.apple.product-type.bundle.ui-testing";
		};
/* End PBXNativeTarget section */

/* Begin PBXProject section */
		6D7778A71F2AC69C0050BED2 /* Project object */ = {
			isa = PBXProject;
			attributes = {
				LastSwiftUpdateCheck = 0830;
				LastUpgradeCheck = 0830;
				ORGANIZATIONNAME = "Ehi Airewele ";
				TargetAttributes = {
					6D7778AE1F2AC69C0050BED2 = {
						CreatedOnToolsVersion = 8.3.3;
						ProvisioningStyle = Automatic;
					};
					6D7778C21F2AC69D0050BED2 = {
						CreatedOnToolsVersion = 8.3.3;
						ProvisioningStyle = Automatic;
						TestTargetID = 6D7778AE1F2AC69C0050BED2;
					};
					6D7778CD1F2AC69D0050BED2 = {
						CreatedOnToolsVersion = 8.3.3;
						ProvisioningStyle = Automatic;
						TestTargetID = 6D7778AE1F2AC69C0050BED2;
					};
				};
			};
			buildConfigurationList = 6D7778AA1F2AC69C0050BED2 /* Build configuration list for PBXProject "pare" */;
			compatibilityVersion = "Xcode 3.2";
			developmentRegion = English;
			hasScannedForEncodings = 0;
			knownRegions = (
				en,
				Base,
			);
			mainGroup = 6D7778A61F2AC69C0050BED2;
			productRefGroup = 6D7778B01F2AC69C0050BED2 /* Products */;
			projectDirPath = "";
			projectRoot = "";
			targets = (
				6D7778AE1F2AC69C0050BED2 /* pare */,
				6D7778C21F2AC69D0050BED2 /* pareTests */,
				6D7778CD1F2AC69D0050BED2 /* pareUITests */,
			);
		};
/* End PBXProject section */

/* Begin PBXResourcesBuildPhase section */
		6D7778AD1F2AC69C0050BED2 /* Resources */ = {
			isa = PBXResourcesBuildPhase;
			buildActionMask = 2147483647;
			files = (
				6D7778BD1F2AC69C0050BED2 /* LaunchScreen.storyboard in Resources */,
				6D7778BA1F2AC69C0050BED2 /* Assets.xcassets in Resources */,
				6D7778B81F2AC69C0050BED2 /* Main.storyboard in Resources */,
			);
			runOnlyForDeploymentPostprocessing = 0;
		};
		6D7778C11F2AC69D0050BED2 /* Resources */ = {
			isa = PBXResourcesBuildPhase;
			buildActionMask = 2147483647;
			files = (
			);
			runOnlyForDeploymentPostprocessing = 0;
		};
		6D7778CC1F2AC69D0050BED2 /* Resources */ = {
			isa = PBXResourcesBuildPhase;
			buildActionMask = 2147483647;
			files = (
			);
			runOnlyForDeploymentPostprocessing = 0;
		};
/* End PBXResourcesBuildPhase section */

/* Begin PBXSourcesBuildPhase section */
		6D7778AB1F2AC69C0050BED2 /* Sources */ = {
			isa = PBXSourcesBuildPhase;
			buildActionMask = 2147483647;
			files = (
				6D7778B51F2AC69C0050BED2 /* ViewController.swift in Sources */,
				6D7778B31F2AC69C0050BED2 /* AppDelegate.swift in Sources */,
			);
			runOnlyForDeploymentPostprocessing = 0;
		};
		6D7778BF1F2AC69D0050BED2 /* Sources */ = {
			isa = PBXSourcesBuildPhase;
			buildActionMask = 2147483647;
			files = (
				6D7778C81F2AC69D0050BED2 /* pareTests.swift in Sources */,
			);
			runOnlyForDeploymentPostprocessing = 0;
		};
		6D7778CA1F2AC69D0050BED2 /* Sources */ = {
			isa = PBXSourcesBuildPhase;
			buildActionMask = 2147483647;
			files = (
				6D7778D31F2AC69D0050BED2 /* pareUITests.swift in Sources */,
			);
			runOnlyForDeploymentPostprocessing = 0;
		};
/* End PBXSourcesBuildPhase section */

/* Begin PBXTargetDependency section */
		6D7778C51F2AC69D0050BED2 /* PBXTargetDependency */ = {
			isa = PBXTargetDependency;
			target = 6D7778AE1F2AC69C0050BED2 /* pare */;
			targetProxy = 6D7778C41F2AC69D0050BED2 /* PBXContainerItemProxy */;
		};
		6D7778D01F2AC69D0050BED2 /* PBXTargetDependency */ = {
			isa = PBXTargetDependency;
			target = 6D7778AE1F2AC69C0050BED2 /* pare */;
			targetProxy = 6D7778CF1F2AC69D0050BED2 /* PBXContainerItemProxy */;
		};
/* End PBXTargetDependency section */

/* Begin PBXVariantGroup section */
		6D7778B61F2AC69C0050BED2 /* Main.storyboard */ = {
			isa = PBXVariantGroup;
			children = (
				6D7778B71F2AC69C0050BED2 /* Base */,
			);
			name = Main.storyboard;
			sourceTree = "<group>";
		};
		6D7778BB1F2AC69C0050BED2 /* LaunchScreen.storyboard */ = {
			isa = PBXVariantGroup;
			children = (
				6D7778BC1F2AC69C0050BED2 /* Base */,
			);
			name = LaunchScreen.storyboard;
			sourceTree = "<group>";
		};
/* End PBXVariantGroup section */

/* Begin XCBuildConfiguration section */
		6D7778D51F2AC69D0050BED2 /* Debug */ = {
			isa = XCBuildConfiguration;
			buildSettings = {
				ALWAYS_SEARCH_USER_PATHS = NO;
				CLANG_ANALYZER_NONNULL = YES;
				CLANG_ANALYZER_NUMBER_OBJECT_CONVERSION = YES_AGGRESSIVE;
				CLANG_CXX_LANGUAGE_STANDARD = "gnu++0x";
				CLANG_CXX_LIBRARY = "libc++";
				CLANG_ENABLE_MODULES = YES;
				CLANG_ENABLE_OBJC_ARC = YES;
				CLANG_WARN_BOOL_CONVERSION = YES;
				CLANG_WARN_CONSTANT_CONVERSION = YES;
				CLANG_WARN_DIRECT_OBJC_ISA_USAGE = YES_ERROR;
				CLANG_WARN_DOCUMENTATION_COMMENTS = YES;
				CLANG_WARN_EMPTY_BODY = YES;
				CLANG_WARN_ENUM_CONVERSION = YES;
				CLANG_WARN_INFINITE_RECURSION = YES;
				CLANG_WARN_INT_CONVERSION = YES;
				CLANG_WARN_OBJC_ROOT_CLASS = YES_ERROR;
				CLANG_WARN_SUSPICIOUS_MOVE = YES;
				CLANG_WARN_UNREACHABLE_CODE = YES;
				CLANG_WARN__DUPLICATE_METHOD_MATCH = YES;
				"CODE_SIGN_IDENTITY[sdk=iphoneos*]" = "iPhone Developer";
				COPY_PHASE_STRIP = NO;
				DEBUG_INFORMATION_FORMAT = dwarf;
				ENABLE_STRICT_OBJC_MSGSEND = YES;
				ENABLE_TESTABILITY = YES;
				GCC_C_LANGUAGE_STANDARD = gnu99;
				GCC_DYNAMIC_NO_PIC = NO;
				GCC_NO_COMMON_BLOCKS = YES;
				GCC_OPTIMIZATION_LEVEL = 0;
				GCC_PREPROCESSOR_DEFINITIONS = (
					"DEBUG=1",
					"$(inherited)",
				);
				GCC_WARN_64_TO_32_BIT_CONVERSION = YES;
				GCC_WARN_ABOUT_RETURN_TYPE = YES_ERROR;
				GCC_WARN_UNDECLARED_SELECTOR = YES;
				GCC_WARN_UNINITIALIZED_AUTOS = YES_AGGRESSIVE;
				GCC_WARN_UNUSED_FUNCTION = YES;
				GCC_WARN_UNUSED_VARIABLE = YES;
				IPHONEOS_DEPLOYMENT_TARGET = 10.3;
				MTL_ENABLE_DEBUG_INFO = YES;
				ONLY_ACTIVE_ARCH = YES;
				SDKROOT = iphoneos;
				SWIFT_ACTIVE_COMPILATION_CONDITIONS = DEBUG;
				SWIFT_OPTIMIZATION_LEVEL = "-Onone";
				TARGETED_DEVICE_FAMILY = "1,2";
			};
			name = Debug;
		};
		6D7778D61F2AC69D0050BED2 /* Release */ = {
			isa = XCBuildConfiguration;
			buildSettings = {
				ALWAYS_SEARCH_USER_PATHS = NO;
				CLANG_ANALYZER_NONNULL = YES;
				CLANG_ANALYZER_NUMBER_OBJECT_CONVERSION = YES_AGGRESSIVE;
				CLANG_CXX_LANGUAGE_STANDARD = "gnu++0x";
				CLANG_CXX_LIBRARY = "libc++";
				CLANG_ENABLE_MODULES = YES;
				CLANG_ENABLE_OBJC_ARC = YES;
				CLANG_WARN_BOOL_CONVERSION = YES;
				CLANG_WARN_CONSTANT_CONVERSION = YES;
				CLANG_WARN_DIRECT_OBJC_ISA_USAGE = YES_ERROR;
				CLANG_WARN_DOCUMENTATION_COMMENTS = YES;
				CLANG_WARN_EMPTY_BODY = YES;
				CLANG_WARN_ENUM_CONVERSION = YES;
				CLANG_WARN_INFINITE_RECURSION = YES;
				CLANG_WARN_INT_CONVERSION = YES;
				CLANG_WARN_OBJC_ROOT_CLASS = YES_ERROR;
				CLANG_WARN_SUSPICIOUS_MOVE = YES;
				CLANG_WARN_UNREACHABLE_CODE = YES;
				CLANG_WARN__DUPLICATE_METHOD_MATCH = YES;
				"CODE_SIGN_IDENTITY[sdk=iphoneos*]" = "iPhone Developer";
				COPY_PHASE_STRIP = NO;
				DEBUG_INFORMATION_FORMAT = "dwarf-with-dsym";
				ENABLE_NS_ASSERTIONS = NO;
				ENABLE_STRICT_OBJC_MSGSEND = YES;
				GCC_C_LANGUAGE_STANDARD = gnu99;
				GCC_NO_COMMON_BLOCKS = YES;
				GCC_WARN_64_TO_32_BIT_CONVERSION = YES;
				GCC_WARN_ABOUT_RETURN_TYPE = YES_ERROR;
				GCC_WARN_UNDECLARED_SELECTOR = YES;
				GCC_WARN_UNINITIALIZED_AUTOS = YES_AGGRESSIVE;
				GCC_WARN_UNUSED_FUNCTION = YES;
				GCC_WARN_UNUSED_VARIABLE = YES;
				IPHONEOS_DEPLOYMENT_TARGET = 10.3;
				MTL_ENABLE_DEBUG_INFO = NO;
				SDKROOT = iphoneos;
				SWIFT_OPTIMIZATION_LEVEL = "-Owholemodule";
				TARGETED_DEVICE_FAMILY = "1,2";
				VALIDATE_PRODUCT = YES;
			};
			name = Release;
		};
		6D7778D81F2AC69D0050BED2 /* Debug */ = {
			isa = XCBuildConfiguration;
			buildSettings = {
				ASSETCATALOG_COMPILER_APPICON_NAME = AppIcon;
				INFOPLIST_FILE = pare/Info.plist;
				LD_RUNPATH_SEARCH_PATHS = "$(inherited) @executable_path/Frameworks";
				PRODUCT_BUNDLE_IDENTIFIER = f.pare;
				PRODUCT_NAME = "$(TARGET_NAME)";
				SWIFT_VERSION = 3.0;
			};
			name = Debug;
		};
		6D7778D91F2AC69D0050BED2 /* Release */ = {
			isa = XCBuildConfiguration;
			buildSettings = {
				ASSETCATALOG_COMPILER_APPICON_NAME = AppIcon;
				INFOPLIST_FILE = pare/Info.plist;
				LD_RUNPATH_SEARCH_PATHS = "$(inherited) @executable_path/Frameworks";
				PRODUCT_BUNDLE_IDENTIFIER = f.pare;
				PRODUCT_NAME = "$(TARGET_NAME)";
				SWIFT_VERSION = 3.0;
			};
			name = Release;
		};
		6D7778DB1F2AC69D0050BED2 /* Debug */ = {
			isa = XCBuildConfiguration;
			buildSettings = {
				ALWAYS_EMBED_SWIFT_STANDARD_LIBRARIES = YES;
				BUNDLE_LOADER = "$(TEST_HOST)";
				INFOPLIST_FILE = pareTests/Info.plist;
				LD_RUNPATH_SEARCH_PATHS = "$(inherited) @executable_path/Frameworks @loader_path/Frameworks";
				PRODUCT_BUNDLE_IDENTIFIER = f.pareTests;
				PRODUCT_NAME = "$(TARGET_NAME)";
				SWIFT_VERSION = 3.0;
				TEST_HOST = "$(BUILT_PRODUCTS_DIR)/pare.app/pare";
			};
			name = Debug;
		};
		6D7778DC1F2AC69D0050BED2 /* Release */ = {
			isa = XCBuildConfiguration;
			buildSettings = {
				ALWAYS_EMBED_SWIFT_STANDARD_LIBRARIES = YES;
				BUNDLE_LOADER = "$(TEST_HOST)";
				INFOPLIST_FILE = pareTests/Info.plist;
				LD_RUNPATH_SEARCH_PATHS = "$(inherited) @executable_path/Frameworks @loader_path/Frameworks";
				PRODUCT_BUNDLE_IDENTIFIER = f.pareTests;
				PRODUCT_NAME = "$(TARGET_NAME)";
				SWIFT_VERSION = 3.0;
				TEST_HOST = "$(BUILT_PRODUCTS_DIR)/pare.app/pare";
			};
			name = Release;
		};
		6D7778DE1F2AC69D0050BED2 /* Debug */ = {
			isa = XCBuildConfiguration;
			buildSettings = {
				ALWAYS_EMBED_SWIFT_STANDARD_LIBRARIES = YES;
				INFOPLIST_FILE = pareUITests/Info.plist;
				LD_RUNPATH_SEARCH_PATHS = "$(inherited) @executable_path/Frameworks @loader_path/Frameworks";
				PRODUCT_BUNDLE_IDENTIFIER = f.pareUITests;
				PRODUCT_NAME = "$(TARGET_NAME)";
				SWIFT_VERSION = 3.0;
				TEST_TARGET_NAME = pare;
			};
			name = Debug;
		};
		6D7778DF1F2AC69D0050BED2 /* Release */ = {
			isa = XCBuildConfiguration;
			buildSettings = {
				ALWAYS_EMBED_SWIFT_STANDARD_LIBRARIES = YES;
				INFOPLIST_FILE = pareUITests/Info.plist;
				LD_RUNPATH_SEARCH_PATHS = "$(inherited) @executable_path/Frameworks @loader_path/Frameworks";
				PRODUCT_BUNDLE_IDENTIFIER = f.pareUITests;
				PRODUCT_NAME = "$(TARGET_NAME)";
				SWIFT_VERSION = 3.0;
				TEST_TARGET_NAME = pare;
			};
			name = Release;
		};
/* End XCBuildConfiguration section */

/* Begin XCConfigurationList section */
		6D7778AA1F2AC69C0050BED2 /* Build configuration list for PBXProject "pare" */ = {
			isa = XCConfigurationList;
			buildConfigurations = (
				6D7778D51F2AC69D0050BED2 /* Debug */,
				6D7778D61F2AC69D0050BED2 /* Release */,
			);
			defaultConfigurationIsVisible = 0;
			defaultConfigurationName = Release;
		};
		6D7778D71F2AC69D0050BED2 /* Build configuration list for PBXNativeTarget "pare" */ = {
			isa = XCConfigurationList;
			buildConfigurations = (
				6D7778D81F2AC69D0050BED2 /* Debug */,
				6D7778D91F2AC69D0050BED2 /* Release */,
			);
			defaultConfigurationIsVisible = 0;
		};
		6D7778DA1F2AC69D0050BED2 /* Build configuration list for PBXNativeTarget "pareTests" */ = {
			isa = XCConfigurationList;
			buildConfigurations = (
				6D7778DB1F2AC69D0050BED2 /* Debug */,
				6D7778DC1F2AC69D0050BED2 /* Release */,
			);
			defaultConfigurationIsVisible = 0;
		};
		6D7778DD1F2AC69D0050BED2 /* Build configuration list for PBXNativeTarget "pareUITests" */ = {
			isa = XCConfigurationList;
			buildConfigurations = (
				6D7778DE1F2AC69D0050BED2 /* Debug */,
				6D7778DF1F2AC69D0050BED2 /* Release */,
			);
			defaultConfigurationIsVisible = 0;
		};
/* End XCConfigurationList section */
	};
	rootObject = 6D7778A71F2AC69C0050BED2 /* Project object */;
}
